# This file is automatically @generated by Cargo.
# It is not intended for manual editing.
version = 4

[[package]]
name = "hello"
version = "0.0.1"

[[package]]
name = "proc_a"
version = "0.0.1"

[[package]]
name = "proc_abi"
version = "0.0.1"

[[package]]
name = "proc_argv"
version = "0.0.1"

[[package]]
name = "proc_auxv_probe"
version = "0.0.1"

[[package]]
name = "proc_b"
version = "0.0.1"

[[package]]
name = "proc_caps"
version = "0.0.1"

[[package]]
name = "proc_cgroups"
version = "0.0.1"

[[package]]
name = "proc_chroot"
version = "0.0.1"

[[package]]
name = "proc_clock"
version = "0.0.1"

[[package]]
name = "proc_clock_settime"
version = "0.0.1"

[[package]]
name = "proc_clone"
version = "0.0.1"

[[package]]
name = "proc_clone3"
version = "0.0.1"

[[package]]
name = "proc_compat_intro"
version = "0.0.1"

[[package]]
name = "proc_cow_fork"
version = "0.0.1"

[[package]]
name = "proc_cow_fork_mmrace"
version = "0.0.1"

[[package]]
name = "proc_cow_forkrace"
version = "0.0.1"

[[package]]
name = "proc_cow_futex"
version = "0.0.1"

[[package]]
name = "proc_cow_ptrace"
version = "0.0.1"

[[package]]
name = "proc_cow_threads"
version = "0.0.1"

[[package]]
name = "proc_cpu_throttle"
version = "0.0.1"

[[package]]
name = "proc_creds"
version = "0.0.1"

[[package]]
name = "proc_dirs"
version = "0.0.1"

[[package]]
name = "proc_dl"
version = "0.0.1"

[[package]]
name = "proc_dl_overrun"
version = "0.0.1"

[[package]]
name = "proc_epoll_signal_eintr"
version = "0.0.1"

[[package]]
name = "proc_exec"
version = "0.0.1"

[[package]]
name = "proc_exec_threaded"
version = "0.0.1"

[[package]]
name = "proc_ext4"
version = "0.0.1"

[[package]]
name = "proc_fault_race"
version = "0.0.1"

[[package]]
name = "proc_fifo"
version = "0.0.1"

[[package]]
name = "proc_files"
version = "0.0.1"

[[package]]
name = "proc_flock"
version = "0.0.1"

[[package]]
name = "proc_fork"
version = "0.0.1"

[[package]]
name = "proc_fork_rlimit"
version = "0.0.1"

[[package]]
name = "proc_fork_shared"
version = "0.0.1"

[[package]]
name = "proc_fs_extras"
version = "0.0.1"

[[package]]
name = "proc_fsync"
version = "0.0.1"

[[package]]
name = "proc_futex"
version = "0.0.1"

[[package]]
name = "proc_futex_timeout"
version = "0.0.1"

[[package]]
name = "proc_futex_waitv"
version = "0.0.1"

[[package]]
name = "proc_ioctl_oss"
version = "0.0.1"

[[package]]
name = "proc_itimer"
version = "0.0.1"

[[package]]
name = "proc_jobctl"
version = "0.0.1"

[[package]]
name = "proc_loadtick"
version = "0.0.1"

[[package]]
name = "proc_memfd"
version = "0.0.1"

[[package]]
name = "proc_misc"
version = "0.0.1"

[[package]]
name = "proc_misc_quickwins"
version = "0.0.1"

[[package]]
name = "proc_mknod"
version = "0.0.1"

[[package]]
name = "proc_mlock"
version = "0.0.1"

[[package]]
name = "proc_mmap_extras"
version = "0.0.1"

[[package]]
name = "proc_mmap_shared"
version = "0.0.1"

[[package]]
name = "proc_mprotect"
version = "0.0.1"

[[package]]
name = "proc_mremap"
version = "0.0.1"

[[package]]
name = "proc_msg_dontwait"
version = "0.0.1"

[[package]]
name = "proc_namespaces"
version = "0.0.1"

[[package]]
name = "proc_net"
version = "0.0.1"

[[package]]
name = "proc_oom"
version = "0.0.1"

[[package]]
name = "proc_oom_stack"
version = "0.0.1"

[[package]]
name = "proc_perms"
version = "0.0.1"

[[package]]
name = "proc_pi_futex"
version = "0.0.1"

[[package]]
name = "proc_pidfd"
version = "0.0.1"

[[package]]
name = "proc_pidfd_reap"
version = "0.0.1"

[[package]]
name = "proc_pidns"
version = "0.0.1"

[[package]]
name = "proc_pipe_size"
version = "0.0.1"

[[package]]
name = "proc_pollable_fd_wake"
version = "0.0.1"

[[package]]
name = "proc_posix_timer"
version = "0.0.1"

[[package]]
name = "proc_process_vm"
version = "0.0.1"

[[package]]
name = "proc_procfs"
version = "0.0.1"

[[package]]
name = "proc_ptrace"
version = "0.0.1"

[[package]]
name = "proc_ptrace_attach_run"
version = "0.0.1"

[[package]]
name = "proc_ptrace_orphan"
version = "0.0.1"

[[package]]
name = "proc_ptrace_segv"
version = "0.0.1"

[[package]]
name = "proc_ptrace_signal"
version = "0.0.1"

[[package]]
name = "proc_ptrace_singlestep"
version = "0.0.1"

[[package]]
name = "proc_ptrace_traceexec"
version = "0.0.1"

[[package]]
name = "proc_ptrace_traceexit"
version = "0.0.1"

[[package]]
name = "proc_ptrace_tracefork"
version = "0.0.1"

[[package]]
name = "proc_pty"
version = "0.0.1"

[[package]]
name = "proc_remount"
version = "0.0.1"

[[package]]
name = "proc_rseq"
version = "0.0.1"

[[package]]
name = "proc_rt"
version = "0.0.1"

[[package]]
name = "proc_rt_signal"
version = "0.0.1"

[[package]]
name = "proc_sa_restart"
version = "0.0.1"

[[package]]
name = "proc_sched_churn"
version = "0.0.1"

[[package]]
name = "proc_seccomp"
version = "0.0.1"

[[package]]
name = "proc_segv"
version = "0.0.1"

[[package]]
name = "proc_segv_handler"
version = "0.0.1"

[[package]]
name = "proc_select"
version = "0.0.1"

[[package]]
name = "proc_sigfpe_handler"
version = "0.0.1"

[[package]]
name = "proc_signal"
version = "0.0.1"

[[package]]
name = "proc_signal_drain"
version = "0.0.1"

[[package]]
name = "proc_signals_default"
version = "0.0.1"

[[package]]
name = "proc_sigsuspend_race"
version = "0.0.1"

[[package]]
name = "proc_sigwait_kill"
version = "0.0.1"

[[package]]
name = "proc_sockopt"
version = "0.0.1"

[[package]]
name = "proc_spin_kill"
version = "0.0.1"

[[package]]
name = "proc_syscalls"
version = "0.0.1"

[[package]]
name = "proc_threads"
version = "0.0.1"

[[package]]
name = "proc_threads_coherence"
version = "0.0.1"

[[package]]
name = "proc_threads_shm"
version = "0.0.1"

[[package]]
name = "proc_timeouts"
version = "0.0.1"

[[package]]
name = "proc_timer_storm"
version = "0.0.1"

[[package]]
name = "proc_timerfd_race"
version = "0.0.1"

[[package]]
name = "proc_tmpfs_leak"
version = "0.0.1"

[[package]]
name = "proc_uid_sigpending"
version = "0.0.1"

[[package]]
name = "proc_userns"
version = "0.0.1"

[[package]]
name = "proc_wait4"
version = "0.0.1"
